
Microsoft Visual Studio Solution File, Format Version 12.00
# Visual Studio Version 16
VisualStudioVersion = 16.0.30011.22
MinimumVisualStudioVersion = 10.0.40219.1
Project("{9A19103F-16F7-4668-BE54-9A1E7A4F7556}") = "ByteRush", "ByteRush\ByteRush.csproj", "{76E06319-8F71-49F7-BDD7-7BDA815A9312}"
EndProject
Project("{9A19103F-16F7-4668-BE54-9A1E7A4F7556}") = "ByteRunner", "ByteRunner\ByteRunner.csproj", "{21AE825F-7100-429B-AB1D-B6B922D73249}"
EndProject
Project("{9A19103F-16F7-4668-BE54-9A1E7A4F7556}") = "ByteRush.Test", "ByteRush.Test\ByteRush.Test.csproj", "{BDE4D77B-5FD5-452B-9D37-3EC4C27275C4}"
EndProject
Project("{FAE04EC0-301F-11D3-BF4B-00C04F79EFBC}") = "ByteRush.Utilities", "ByteRush.Utilities\ByteRush.Utilities.csproj", "{AA94696A-FADB-4342-A819-539ED93CEF9C}"
EndProject
Project("{FAE04EC0-301F-11D3-BF4B-00C04F79EFBC}") = "ByteRush.Test.Utilities", "ByteRush.Test.Utilities\ByteRush.Test.Utilities.csproj", "{0849C85A-950E-4216-982D-28A2C1E14A2E}"
EndProject
Global
	GlobalSection(SolutionConfigurationPlatforms) = preSolution
		Debug|Any CPU = Debug|Any CPU
		Release|Any CPU = Release|Any CPU
	EndGlobalSection
	GlobalSection(ProjectConfigurationPlatforms) = postSolution
		{76E06319-8F71-49F7-BDD7-7BDA815A9312}.Debug|Any CPU.ActiveCfg = Debug|Any CPU
		{76E06319-8F71-49F7-BDD7-7BDA815A9312}.Debug|Any CPU.Build.0 = Debug|Any CPU
		{76E06319-8F71-49F7-BDD7-7BDA815A9312}.Release|Any CPU.ActiveCfg = Release|Any CPU
		{76E06319-8F71-49F7-BDD7-7BDA815A9312}.Release|Any CPU.Build.0 = Release|Any CPU
		{21AE825F-7100-429B-AB1D-B6B922D73249}.Debug|Any CPU.ActiveCfg = Debug|Any CPU
		{21AE825F-7100-429B-AB1D-B6B922D73249}.Debug|Any CPU.Build.0 = Debug|Any CPU
		{21AE825F-7100-429B-AB1D-B6B922D73249}.Release|Any CPU.ActiveCfg = Release|Any CPU
		{21AE825F-7100-429B-AB1D-B6B922D73249}.Release|Any CPU.Build.0 = Release|Any CPU
		{BDE4D77B-5FD5-452B-9D37-3EC4C27275C4}.Debug|Any CPU.ActiveCfg = Debug|Any CPU
		{BDE4D77B-5FD5-452B-9D37-3EC4C27275C4}.Debug|Any CPU.Build.0 = Debug|Any CPU
		{BDE4D77B-5FD5-452B-9D37-3EC4C27275C4}.Release|Any CPU.ActiveCfg = Release|Any CPU
		{BDE4D77B-5FD5-452B-9D37-3EC4C27275C4}.Release|Any CPU.Build.0 = Release|Any CPU
		{AA94696A-FADB-4342-A819-539ED93CEF9C}.Debug|Any CPU.ActiveCfg = Debug|Any CPU
		{AA94696A-FADB-4342-A819-539ED93CEF9C}.Debug|Any CPU.Build.0 = Debug|Any CPU
		{AA94696A-FADB-4342-A819-539ED93CEF9C}.Release|Any CPU.ActiveCfg = Release|Any CPU
		{AA94696A-FADB-4342-A819-539ED93CEF9C}.Release|Any CPU.Build.0 = Release|Any CPU
		{0849C85A-950E-4216-982D-28A2C1E14A2E}.Debug|Any CPU.ActiveCfg = Debug|Any CPU
		{0849C85A-950E-4216-982D-28A2C1E14A2E}.Debug|Any CPU.Build.0 = Debug|Any CPU
		{0849C85A-950E-4216-982D-28A2C1E14A2E}.Release|Any CPU.ActiveCfg = Release|Any CPU
		{0849C85A-950E-4216-982D-28A2C1E14A2E}.Release|Any CPU.Build.0 = Release|Any CPU
	EndGlobalSection
	GlobalSection(SolutionProperties) = preSolution
		HideSolutionNode = FALSE
	EndGlobalSection
	GlobalSection(ExtensibilityGlobals) = postSolution
		SolutionGuid = {8A48DD9F-4BAD-47C3-80BA-33889F621694}
	EndGlobalSection
EndGlobal
